// !$*UTF8*$!
{
	archiveVersion = 1;
	classes = {
	};
	objectVersion = 50;
	objects = {

/* Begin PBXBuildFile section */
		804824192632E9CE0023C8F4 /* Box.swift in Sources */ = {isa = PBXBuildFile; fileRef = 804824182632E9CE0023C8F4 /* Box.swift */; };
		805F2A1E262E6E2A0094BF32 /* TableViewController.swift in Sources */ = {isa = PBXBuildFile; fileRef = 805F2A1D262E6E2A0094BF32 /* TableViewController.swift */; };
		805F2A22262E70DE0094BF32 /* TableViewCell.swift in Sources */ = {isa = PBXBuildFile; fileRef = 805F2A21262E70DE0094BF32 /* TableViewCell.swift */; };
		80AC8734262F32840065411A /* ViewModelTable.swift in Sources */ = {isa = PBXBuildFile; fileRef = 80AC8733262F32840065411A /* ViewModelTable.swift */; };
		80AC8737262F385B0065411A /* TableViewViewModelType.swift in Sources */ = {isa = PBXBuildFile; fileRef = 80AC8736262F385B0065411A /* TableViewViewModelType.swift */; };
		80AC873C262F3CD70065411A /* TableViewCellViewModelType.swift in Sources */ = {isa = PBXBuildFile; fileRef = 80AC873B262F3CD70065411A /* TableViewCellViewModelType.swift */; };
		80AC873F262F3DAB0065411A /* TableViewCellViewModel.swift in Sources */ = {isa = PBXBuildFile; fileRef = 80AC873E262F3DAB0065411A /* TableViewCellViewModel.swift */; };
		80AC8745263039A40065411A /* DetailViewController.swift in Sources */ = {isa = PBXBuildFile; fileRef = 80AC8744263039A40065411A /* DetailViewController.swift */; };
		80AC8748263042C80065411A /* DetailViewModelType.swift in Sources */ = {isa = PBXBuildFile; fileRef = 80AC8747263042C80065411A /* DetailViewModelType.swift */; };
		80AC874B2630430E0065411A /* DetailViewModel.swift in Sources */ = {isa = PBXBuildFile; fileRef = 80AC874A2630430E0065411A /* DetailViewModel.swift */; };
		80AD93CA262E5B8600E90300 /* AppDelegate.swift in Sources */ = {isa = PBXBuildFile; fileRef = 80AD93C9262E5B8600E90300 /* AppDelegate.swift */; };
		80AD93CC262E5B8600E90300 /* SceneDelegate.swift in Sources */ = {isa = PBXBuildFile; fileRef = 80AD93CB262E5B8600E90300 /* SceneDelegate.swift */; };
		80AD93D1262E5B8600E90300 /* Main.storyboard in Resources */ = {isa = PBXBuildFile; fileRef = 80AD93CF262E5B8600E90300 /* Main.storyboard */; };
		80AD93D3262E5B8900E90300 /* Assets.xcassets in Resources */ = {isa = PBXBuildFile; fileRef = 80AD93D2262E5B8900E90300 /* Assets.xcassets */; };
		80AD93D6262E5B8900E90300 /* LaunchScreen.storyboard in Resources */ = {isa = PBXBuildFile; fileRef = 80AD93D4262E5B8900E90300 /* LaunchScreen.storyboard */; };
		80AD93DF262E608900E90300 /* Profile.swift in Sources */ = {isa = PBXBuildFile; fileRef = 80AD93DE262E608900E90300 /* Profile.swift */; };
/* End PBXBuildFile section */

/* Begin PBXFileReference section */
		804824182632E9CE0023C8F4 /* Box.swift */ = {isa = PBXFileReference; lastKnownFileType = sourcecode.swift; path = Box.swift; sourceTree = "<group>"; };
		805F2A1D262E6E2A0094BF32 /* TableViewController.swift */ = {isa = PBXFileReference; lastKnownFileType = sourcecode.swift; path = TableViewController.swift; sourceTree = "<group>"; };
		805F2A21262E70DE0094BF32 /* TableViewCell.swift */ = {isa = PBXFileReference; lastKnownFileType = sourcecode.swift; path = TableViewCell.swift; sourceTree = "<group>"; };
		80AC8733262F32840065411A /* ViewModelTable.swift */ = {isa = PBXFileReference; lastKnownFileType = sourcecode.swift; path = ViewModelTable.swift; sourceTree = "<group>"; };
		80AC8736262F385B0065411A /* TableViewViewModelType.swift */ = {isa = PBXFileReference; lastKnownFileType = sourcecode.swift; path = TableViewViewModelType.swift; sourceTree = "<group>"; };
		80AC873B262F3CD70065411A /* TableViewCellViewModelType.swift */ = {isa = PBXFileReference; lastKnownFileType = sourcecode.swift; path = TableViewCellViewModelType.swift; sourceTree = "<group>"; };
		80AC873E262F3DAB0065411A /* TableViewCellViewModel.swift */ = {isa = PBXFileReference; lastKnownFileType = sourcecode.swift; path = TableViewCellViewModel.swift; sourceTree = "<group>"; };
		80AC8744263039A40065411A /* DetailViewController.swift */ = {isa = PBXFileReference; lastKnownFileType = sourcecode.swift; path = DetailViewController.swift; sourceTree = "<group>"; };
		80AC8747263042C80065411A /* DetailViewModelType.swift */ = {isa = PBXFileReference; lastKnownFileType = sourcecode.swift; path = DetailViewModelType.swift; sourceTree = "<group>"; };
		80AC874A2630430E0065411A /* DetailViewModel.swift */ = {isa = PBXFileReference; lastKnownFileType = sourcecode.swift; path = DetailViewModel.swift; sourceTree = "<group>"; };
		80AD93C6262E5B8600E90300 /* MVVM.app */ = {isa = PBXFileReference; explicitFileType = wrapper.application; includeInIndex = 0; path = MVVM.app; sourceTree = BUILT_PRODUCTS_DIR; };
		80AD93C9262E5B8600E90300 /* AppDelegate.swift */ = {isa = PBXFileReference; lastKnownFileType = sourcecode.swift; path = AppDelegate.swift; sourceTree = "<group>"; };
		80AD93CB262E5B8600E90300 /* SceneDelegate.swift */ = {isa = PBXFileReference; lastKnownFileType = sourcecode.swift; path = SceneDelegate.swift; sourceTree = "<group>"; };
		80AD93D0262E5B8600E90300 /* Base */ = {isa = PBXFileReference; lastKnownFileType = file.storyboard; name = Base; path = Base.lproj/Main.storyboard; sourceTree = "<group>"; };
		80AD93D2262E5B8900E90300 /* Assets.xcassets */ = {isa = PBXFileReference; lastKnownFileType = folder.assetcatalog; path = Assets.xcassets; sourceTree = "<group>"; };
		80AD93D5262E5B8900E90300 /* Base */ = {isa = PBXFileReference; lastKnownFileType = file.storyboard; name = Base; path = Base.lproj/LaunchScreen.storyboard; sourceTree = "<group>"; };
		80AD93D7262E5B8900E90300 /* Info.plist */ = {isa = PBXFileReference; lastKnownFileType = text.plist.xml; path = Info.plist; sourceTree = "<group>"; };
		80AD93DE262E608900E90300 /* Profile.swift */ = {isa = PBXFileReference; lastKnownFileType = sourcecode.swift; path = Profile.swift; sourceTree = "<group>"; };
/* End PBXFileReference section */

/* Begin PBXFrameworksBuildPhase section */
		80AD93C3262E5B8600E90300 /* Frameworks */ = {
			isa = PBXFrameworksBuildPhase;
			buildActionMask = 2147483647;
			files = (
			);
			runOnlyForDeploymentPostprocessing = 0;
		};
/* End PBXFrameworksBuildPhase section */

/* Begin PBXGroup section */
		8022D54E262E674000C13894 /* View */ = {
			isa = PBXGroup;
			children = (
				805F2A1D262E6E2A0094BF32 /* TableViewController.swift */,
				805F2A21262E70DE0094BF32 /* TableViewCell.swift */,
				80AC8744263039A40065411A /* DetailViewController.swift */,
				80AD93CF262E5B8600E90300 /* Main.storyboard */,
			);
			path = View;
			sourceTree = "<group>";
		};
		8022D54F262E675100C13894 /* ViewModel */ = {
			isa = PBXGroup;
			children = (
				80AC8733262F32840065411A /* ViewModelTable.swift */,
				80AC873E262F3DAB0065411A /* TableViewCellViewModel.swift */,
				80AC874A2630430E0065411A /* DetailViewModel.swift */,
			);
			path = ViewModel;
			sourceTree = "<group>";
		};
		8022D550262E679F00C13894 /* System32 */ = {
			isa = PBXGroup;
			children = (
				80AD93C9262E5B8600E90300 /* AppDelegate.swift */,
				80AD93CB262E5B8600E90300 /* SceneDelegate.swift */,
				80AD93D2262E5B8900E90300 /* Assets.xcassets */,
				80AD93D4262E5B8900E90300 /* LaunchScreen.storyboard */,
				80AD93D7262E5B8900E90300 /* Info.plist */,
			);
			path = System32;
			sourceTree = "<group>";
		};
		80AC8739262F390E0065411A /* Protocols */ = {
			isa = PBXGroup;
			children = (
				80AC8736262F385B0065411A /* TableViewViewModelType.swift */,
				80AC873B262F3CD70065411A /* TableViewCellViewModelType.swift */,
				80AC8747263042C80065411A /* DetailViewModelType.swift */,
			);
			path = Protocols;
			sourceTree = "<group>";
		};
		80AD93BD262E5B8600E90300 = {
			isa = PBXGroup;
			children = (
				80AD93C8262E5B8600E90300 /* MVVM */,
				80AD93C7262E5B8600E90300 /* Products */,
			);
			sourceTree = "<group>";
		};
		80AD93C7262E5B8600E90300 /* Products */ = {
			isa = PBXGroup;
			children = (
				80AD93C6262E5B8600E90300 /* MVVM.app */,
			);
			name = Products;
			sourceTree = "<group>";
		};
		80AD93C8262E5B8600E90300 /* MVVM */ = {
			isa = PBXGroup;
			children = (
				804824182632E9CE0023C8F4 /* Box.swift */,
				80AD93E1262E60D000E90300 /* Model */,
				8022D54F262E675100C13894 /* ViewModel */,
				8022D54E262E674000C13894 /* View */,
				80AC8739262F390E0065411A /* Protocols */,
				8022D550262E679F00C13894 /* System32 */,
			);
			path = MVVM;
			sourceTree = "<group>";
		};
		80AD93E1262E60D000E90300 /* Model */ = {
			isa = PBXGroup;
			children = (
				80AD93DE262E608900E90300 /* Profile.swift */,
			);
			path = Model;
			sourceTree = "<group>";
		};
/* End PBXGroup section */

/* Begin PBXNativeTarget section */
		80AD93C5262E5B8600E90300 /* MVVM */ = {
			isa = PBXNativeTarget;
			buildConfigurationList = 80AD93DA262E5B8900E90300 /* Build configuration list for PBXNativeTarget "MVVM" */;
			buildPhases = (
				80AD93C2262E5B8600E90300 /* Sources */,
				80AD93C3262E5B8600E90300 /* Frameworks */,
				80AD93C4262E5B8600E90300 /* Resources */,
			);
			buildRules = (
			);
			dependencies = (
			);
			name = MVVM;
			productName = MVVM;
			productReference = 80AD93C6262E5B8600E90300 /* MVVM.app */;
			productType = "com.apple.product-type.application";
		};
/* End PBXNativeTarget section */

/* Begin PBXProject section */
		80AD93BE262E5B8600E90300 /* Project object */ = {
			isa = PBXProject;
			attributes = {
				LastSwiftUpdateCheck = 1240;
				LastUpgradeCheck = 1240;
				TargetAttributes = {
					80AD93C5262E5B8600E90300 = {
						CreatedOnToolsVersion = 12.4;
					};
				};
			};
			buildConfigurationList = 80AD93C1262E5B8600E90300 /* Build configuration list for PBXProject "MVVM" */;
			compatibilityVersion = "Xcode 9.3";
			developmentRegion = en;
			hasScannedForEncodings = 0;
			knownRegions = (
				en,
				Base,
			);
			mainGroup = 80AD93BD262E5B8600E90300;
			productRefGroup = 80AD93C7262E5B8600E90300 /* Products */;
			projectDirPath = "";
			projectRoot = "";
			targets = (
				80AD93C5262E5B8600E90300 /* MVVM */,
			);
		};
/* End PBXProject section */

/* Begin PBXResourcesBuildPhase section */
		80AD93C4262E5B8600E90300 /* Resources */ = {
			isa = PBXResourcesBuildPhase;
			buildActionMask = 2147483647;
			files = (
				80AD93D6262E5B8900E90300 /* LaunchScreen.storyboard in Resources */,
				80AD93D3262E5B8900E90300 /* Assets.xcassets in Resources */,
				80AD93D1262E5B8600E90300 /* Main.storyboard in Resources */,
			);
			runOnlyForDeploymentPostprocessing = 0;
		};
/* End PBXResourcesBuildPhase section */

/* Begin PBXSourcesBuildPhase section */
		80AD93C2262E5B8600E90300 /* Sources */ = {
			isa = PBXSourcesBuildPhase;
			buildActionMask = 2147483647;
			files = (
				80AC873C262F3CD70065411A /* TableViewCellViewModelType.swift in Sources */,
				805F2A1E262E6E2A0094BF32 /* TableViewController.swift in Sources */,
				80AD93DF262E608900E90300 /* Profile.swift in Sources */,
				805F2A22262E70DE0094BF32 /* TableViewCell.swift in Sources */,
				80AD93CA262E5B8600E90300 /* AppDelegate.swift in Sources */,
				80AC8737262F385B0065411A /* TableViewViewModelType.swift in Sources */,
				804824192632E9CE0023C8F4 /* Box.swift in Sources */,
				80AC8748263042C80065411A /* DetailViewModelType.swift in Sources */,
				80AC874B2630430E0065411A /* DetailViewModel.swift in Sources */,
				80AC873F262F3DAB0065411A /* TableViewCellViewModel.swift in Sources */,
				80AC8745263039A40065411A /* DetailViewController.swift in Sources */,
				80AC8734262F32840065411A /* ViewModelTable.swift in Sources */,
				80AD93CC262E5B8600E90300 /* SceneDelegate.swift in Sources */,
			);
			runOnlyForDeploymentPostprocessing = 0;
		};
/* End PBXSourcesBuildPhase section */

/* Begin PBXVariantGroup section */
		80AD93CF262E5B8600E90300 /* Main.storyboard */ = {
			isa = PBXVariantGroup;
			children = (
				80AD93D0262E5B8600E90300 /* Base */,
			);
			name = Main.storyboard;
			sourceTree = "<group>";
		};
		80AD93D4262E5B8900E90300 /* LaunchScreen.storyboard */ = {
			isa = PBXVariantGroup;
			children = (
				80AD93D5262E5B8900E90300 /* Base */,
			);
			name = LaunchScreen.storyboard;
			sourceTree = "<group>";
		};
/* End PBXVariantGroup section */

/* Begin XCBuildConfiguration section */
		80AD93D8262E5B8900E90300 /* Debug */ = {
			isa = XCBuildConfiguration;
			buildSettings = {
				ALWAYS_SEARCH_USER_PATHS = NO;
				CLANG_ANALYZER_NONNULL = YES;
				CLANG_ANALYZER_NUMBER_OBJECT_CONVERSION = YES_AGGRESSIVE;
				CLANG_CXX_LANGUAGE_STANDARD = "gnu++14";
				CLANG_CXX_LIBRARY = "libc++";
				CLANG_ENABLE_MODULES = YES;
				CLANG_ENABLE_OBJC_ARC = YES;
				CLANG_ENABLE_OBJC_WEAK = YES;
				CLANG_WARN_BLOCK_CAPTURE_AUTORELEASING = YES;
				CLANG_WARN_BOOL_CONVERSION = YES;
				CLANG_WARN_COMMA = YES;
				CLANG_WARN_CONSTANT_CONVERSION = YES;
				CLANG_WARN_DEPRECATED_OBJC_IMPLEMENTATIONS = YES;
				CLANG_WARN_DIRECT_OBJC_ISA_USAGE = YES_ERROR;
				CLANG_WARN_DOCUMENTATION_COMMENTS = YES;
				CLANG_WARN_EMPTY_BODY = YES;
				CLANG_WARN_ENUM_CONVERSION = YES;
				CLANG_WARN_INFINITE_RECURSION = YES;
				CLANG_WARN_INT_CONVERSION = YES;
				CLANG_WARN_NON_LITERAL_NULL_CONVERSION = YES;
				CLANG_WARN_OBJC_IMPLICIT_RETAIN_SELF = YES;
				CLANG_WARN_OBJC_LITERAL_CONVERSION = YES;
				CLANG_WARN_OBJC_ROOT_CLASS = YES_ERROR;
				CLANG_WARN_QUOTED_INCLUDE_IN_FRAMEWORK_HEADER = YES;
				CLANG_WARN_RANGE_LOOP_ANALYSIS = YES;
				CLANG_WARN_STRICT_PROTOTYPES = YES;
				CLANG_WARN_SUSPICIOUS_MOVE = YES;
				CLANG_WARN_UNGUARDED_AVAILABILITY = YES_AGGRESSIVE;
				CLANG_WARN_UNREACHABLE_CODE = YES;
				CLANG_WARN__DUPLICATE_METHOD_MATCH = YES;
				COPY_PHASE_STRIP = NO;
				DEBUG_INFORMATION_FORMAT = dwarf;
				ENABLE_STRICT_OBJC_MSGSEND = YES;
				ENABLE_TESTABILITY = YES;
				GCC_C_LANGUAGE_STANDARD = gnu11;
				GCC_DYNAMIC_NO_PIC = NO;
				GCC_NO_COMMON_BLOCKS = YES;
				GCC_OPTIMIZATION_LEVEL = 0;
				GCC_PREPROCESSOR_DEFINITIONS = (
					"DEBUG=1",
					"$(inherited)",
				);
				GCC_WARN_64_TO_32_BIT_CONVERSION = YES;
				GCC_WARN_ABOUT_RETURN_TYPE = YES_ERROR;
				GCC_WARN_UNDECLARED_SELECTOR = YES;
				GCC_WARN_UNINITIALIZED_AUTOS = YES_AGGRESSIVE;
				GCC_WARN_UNUSED_FUNCTION = YES;
				GCC_WARN_UNUSED_VARIABLE = YES;
				IPHONEOS_DEPLOYMENT_TARGET = 14.4;
				MTL_ENABLE_DEBUG_INFO = INCLUDE_SOURCE;
				MTL_FAST_MATH = YES;
				ONLY_ACTIVE_ARCH = YES;
				SDKROOT = iphoneos;
				SWIFT_ACTIVE_COMPILATION_CONDITIONS = DEBUG;
				SWIFT_OPTIMIZATION_LEVEL = "-Onone";
			};
			name = Debug;
		};
		80AD93D9262E5B8900E90300 /* Release */ = {
			isa = XCBuildConfiguration;
			buildSettings = {
				ALWAYS_SEARCH_USER_PATHS = NO;
				CLANG_ANALYZER_NONNULL = YES;
				CLANG_ANALYZER_NUMBER_OBJECT_CONVERSION = YES_AGGRESSIVE;
				CLANG_CXX_LANGUAGE_STANDARD = "gnu++14";
				CLANG_CXX_LIBRARY = "libc++";
				CLANG_ENABLE_MODULES = YES;
				CLANG_ENABLE_OBJC_ARC = YES;
				CLANG_ENABLE_OBJC_WEAK = YES;
				CLANG_WARN_BLOCK_CAPTURE_AUTORELEASING = YES;
				CLANG_WARN_BOOL_CONVERSION = YES;
				CLANG_WARN_COMMA = YES;
				CLANG_WARN_CONSTANT_CONVERSION = YES;
				CLANG_WARN_DEPRECATED_OBJC_IMPLEMENTATIONS = YES;
				CLANG_WARN_DIRECT_OBJC_ISA_USAGE = YES_ERROR;
				CLANG_WARN_DOCUMENTATION_COMMENTS = YES;
				CLANG_WARN_EMPTY_BODY = YES;
				CLANG_WARN_ENUM_CONVERSION = YES;
				CLANG_WARN_INFINITE_RECURSION = YES;
				CLANG_WARN_INT_CONVERSION = YES;
				CLANG_WARN_NON_LITERAL_NULL_CONVERSION = YES;
				CLANG_WARN_OBJC_IMPLICIT_RETAIN_SELF = YES;
				CLANG_WARN_OBJC_LITERAL_CONVERSION = YES;
				CLANG_WARN_OBJC_ROOT_CLASS = YES_ERROR;
				CLANG_WARN_QUOTED_INCLUDE_IN_FRAMEWORK_HEADER = YES;
				CLANG_WARN_RANGE_LOOP_ANALYSIS = YES;
				CLANG_WARN_STRICT_PROTOTYPES = YES;
				CLANG_WARN_SUSPICIOUS_MOVE = YES;
				CLANG_WARN_UNGUARDED_AVAILABILITY = YES_AGGRESSIVE;
				CLANG_WARN_UNREACHABLE_CODE = YES;
				CLANG_WARN__DUPLICATE_METHOD_MATCH = YES;
				COPY_PHASE_STRIP = NO;
				DEBUG_INFORMATION_FORMAT = "dwarf-with-dsym";
				ENABLE_NS_ASSERTIONS = NO;
				ENABLE_STRICT_OBJC_MSGSEND = YES;
				GCC_C_LANGUAGE_STANDARD = gnu11;
				GCC_NO_COMMON_BLOCKS = YES;
				GCC_WARN_64_TO_32_BIT_CONVERSION = YES;
				GCC_WARN_ABOUT_RETURN_TYPE = YES_ERROR;
				GCC_WARN_UNDECLARED_SELECTOR = YES;
				GCC_WARN_UNINITIALIZED_AUTOS = YES_AGGRESSIVE;
				GCC_WARN_UNUSED_FUNCTION = YES;
				GCC_WARN_UNUSED_VARIABLE = YES;
				IPHONEOS_DEPLOYMENT_TARGET = 14.4;
				MTL_ENABLE_DEBUG_INFO = NO;
				MTL_FAST_MATH = YES;
				SDKROOT = iphoneos;
				SWIFT_COMPILATION_MODE = wholemodule;
				SWIFT_OPTIMIZATION_LEVEL = "-O";
				VALIDATE_PRODUCT = YES;
			};
			name = Release;
		};
		80AD93DB262E5B8900E90300 /* Debug */ = {
			isa = XCBuildConfiguration;
			buildSettings = {
				ASSETCATALOG_COMPILER_APPICON_NAME = AppIcon;
				ASSETCATALOG_COMPILER_GLOBAL_ACCENT_COLOR_NAME = AccentColor;
				CODE_SIGN_STYLE = Automatic;
				CURRENT_PROJECT_VERSION = 104;
				DEVELOPMENT_TEAM = 879U287R5Q;
				INFOPLIST_FILE = "$(SRCROOT)/MVVM/System32/Info.plist";
				LD_RUNPATH_SEARCH_PATHS = (
					"$(inherited)",
					"@executable_path/Frameworks",
				);
				PRODUCT_BUNDLE_IDENTIFIER = ihValery.MVVM;
				PRODUCT_NAME = "$(TARGET_NAME)";
				SWIFT_VERSION = 5.0;
				TARGETED_DEVICE_FAMILY = "1,2";
			};
			name = Debug;
		};
		80AD93DC262E5B8900E90300 /* Release */ = {
			isa = XCBuildConfiguration;
			buildSettings = {
				ASSETCATALOG_COMPILER_APPICON_NAME = AppIcon;
				ASSETCATALOG_COMPILER_GLOBAL_ACCENT_COLOR_NAME = AccentColor;
				CODE_SIGN_STYLE = Automatic;
				CURRENT_PROJECT_VERSION = 104;
				DEVELOPMENT_TEAM = 879U287R5Q;
				INFOPLIST_FILE = "$(SRCROOT)/MVVM/System32/Info.plist";
				LD_RUNPATH_SEARCH_PATHS = (
					"$(inherited)",
					"@executable_path/Frameworks",
				);
				PRODUCT_BUNDLE_IDENTIFIER = ihValery.MVVM;
				PRODUCT_NAME = "$(TARGET_NAME)";
				SWIFT_VERSION = 5.0;
				TARGETED_DEVICE_FAMILY = "1,2";
			};
			name = Release;
		};
/* End XCBuildConfiguration section */

/* Begin XCConfigurationList section */
		80AD93C1262E5B8600E90300 /* Build configuration list for PBXProject "MVVM" */ = {
			isa = XCConfigurationList;
			buildConfigurations = (
				80AD93D8262E5B8900E90300 /* Debug */,
				80AD93D9262E5B8900E90300 /* Release */,
			);
			defaultConfigurationIsVisible = 0;
			defaultConfigurationName = Release;
		};
		80AD93DA262E5B8900E90300 /* Build configuration list for PBXNativeTarget "MVVM" */ = {
			isa = XCConfigurationList;
			buildConfigurations = (
				80AD93DB262E5B8900E90300 /* Debug */,
				80AD93DC262E5B8900E90300 /* Release */,
			);
			defaultConfigurationIsVisible = 0;
			defaultConfigurationName = Release;
		};
/* End XCConfigurationList section */
	};
	rootObject = 80AD93BE262E5B8600E90300 /* Project object */;
}
